// !$*UTF8*$!
{
	archiveVersion = 1;
	classes = {
	};
	objectVersion = 46;
	objects = {

/* Begin PBXBuildFile section */
		D50D4D991DED1ADA0081E829 /* AppDelegate.swift in Sources */ = {isa = PBXBuildFile; fileRef = D50D4D981DED1ADA0081E829 /* AppDelegate.swift */; };
		D50D4D9B1DED1ADA0081E829 /* ViewController.swift in Sources */ = {isa = PBXBuildFile; fileRef = D50D4D9A1DED1ADA0081E829 /* ViewController.swift */; };
		D50D4D9E1DED1ADA0081E829 /* Main.storyboard in Resources */ = {isa = PBXBuildFile; fileRef = D50D4D9C1DED1ADA0081E829 /* Main.storyboard */; };
		D50D4DA01DED1ADA0081E829 /* Assets.xcassets in Resources */ = {isa = PBXBuildFile; fileRef = D50D4D9F1DED1ADA0081E829 /* Assets.xcassets */; };
		D50D4DA31DED1ADA0081E829 /* LaunchScreen.storyboard in Resources */ = {isa = PBXBuildFile; fileRef = D50D4DA11DED1ADA0081E829 /* LaunchScreen.storyboard */; };
		D50D4DAB1DED388E0081E829 /* Minecraft.ttf in Resources */ = {isa = PBXBuildFile; fileRef = D50D4DAA1DED388E0081E829 /* Minecraft.ttf */; };
		D50D4DCB1DEE6ABD0081E829 /* btn.wav in Resources */ = {isa = PBXBuildFile; fileRef = D50D4DCA1DEE6ABD0081E829 /* btn.wav */; };
/* End PBXBuildFile section */

/* Begin PBXFileReference section */
		D50D4D951DED1ADA0081E829 /* retroCalculator.app */ = {isa = PBXFileReference; explicitFileType = wrapper.application; includeInIndex = 0; path = retroCalculator.app; sourceTree = BUILT_PRODUCTS_DIR; };
		D50D4D981DED1ADA0081E829 /* AppDelegate.swift */ = {isa = PBXFileReference; lastKnownFileType = sourcecode.swift; path = AppDelegate.swift; sourceTree = "<group>"; };
		D50D4D9A1DED1ADA0081E829 /* ViewController.swift */ = {isa = PBXFileReference; lastKnownFileType = sourcecode.swift; path = ViewController.swift; sourceTree = "<group>"; };
		D50D4D9D1DED1ADA0081E829 /* Base */ = {isa = PBXFileReference; lastKnownFileType = file.storyboard; name = Base; path = Base.lproj/Main.storyboard; sourceTree = "<group>"; };
		D50D4D9F1DED1ADA0081E829 /* Assets.xcassets */ = {isa = PBXFileReference; lastKnownFileType = folder.assetcatalog; path = Assets.xcassets; sourceTree = "<group>"; };
		D50D4DA21DED1ADA0081E829 /* Base */ = {isa = PBXFileReference; lastKnownFileType = file.storyboard; name = Base; path = Base.lproj/LaunchScreen.storyboard; sourceTree = "<group>"; };
		D50D4DA41DED1ADA0081E829 /* Info.plist */ = {isa = PBXFileReference; lastKnownFileType = text.plist.xml; path = Info.plist; sourceTree = "<group>"; };
		D50D4DAA1DED388E0081E829 /* Minecraft.ttf */ = {isa = PBXFileReference; lastKnownFileType = file; path = Minecraft.ttf; sourceTree = "<group>"; };
		D50D4DCA1DEE6ABD0081E829 /* btn.wav */ = {isa = PBXFileReference; lastKnownFileType = audio.wav; path = btn.wav; sourceTree = "<group>"; };
/* End PBXFileReference section */

/* Begin PBXFrameworksBuildPhase section */
		D50D4D921DED1ADA0081E829 /* Frameworks */ = {
			isa = PBXFrameworksBuildPhase;
			buildActionMask = 2147483647;
			files = (
			);
			runOnlyForDeploymentPostprocessing = 0;
		};
/* End PBXFrameworksBuildPhase section */

/* Begin PBXGroup section */
		D50D4D8C1DED1ADA0081E829 = {
			isa = PBXGroup;
			children = (
				D50D4D971DED1ADA0081E829 /* retroCalculator */,
				D50D4D961DED1ADA0081E829 /* Products */,
			);
			sourceTree = "<group>";
		};
		D50D4D961DED1ADA0081E829 /* Products */ = {
			isa = PBXGroup;
			children = (
				D50D4D951DED1ADA0081E829 /* retroCalculator.app */,
			);
			name = Products;
			sourceTree = "<group>";
		};
		D50D4D971DED1ADA0081E829 /* retroCalculator */ = {
			isa = PBXGroup;
			children = (
				D50D4DAA1DED388E0081E829 /* Minecraft.ttf */,
				D50D4DCA1DEE6ABD0081E829 /* btn.wav */,
				D50D4D981DED1ADA0081E829 /* AppDelegate.swift */,
				D50D4D9A1DED1ADA0081E829 /* ViewController.swift */,
				D50D4D9C1DED1ADA0081E829 /* Main.storyboard */,
				D50D4D9F1DED1ADA0081E829 /* Assets.xcassets */,
				D50D4DA11DED1ADA0081E829 /* LaunchScreen.storyboard */,
				D50D4DA41DED1ADA0081E829 /* Info.plist */,
			);
			path = retroCalculator;
			sourceTree = "<group>";
		};
/* End PBXGroup section */

/* Begin PBXNativeTarget section */
		D50D4D941DED1ADA0081E829 /* retroCalculator */ = {
			isa = PBXNativeTarget;
			buildConfigurationList = D50D4DA71DED1ADA0081E829 /* Build configuration list for PBXNativeTarget "retroCalculator" */;
			buildPhases = (
				D50D4D911DED1ADA0081E829 /* Sources */,
				D50D4D921DED1ADA0081E829 /* Frameworks */,
				D50D4D931DED1ADA0081E829 /* Resources */,
			);
			buildRules = (
			);
			dependencies = (
			);
			name = retroCalculator;
			productName = retroCalculator;
			productReference = D50D4D951DED1ADA0081E829 /* retroCalculator.app */;
			productType = "com.apple.product-type.application";
		};
/* End PBXNativeTarget section */

/* Begin PBXProject section */
		D50D4D8D1DED1ADA0081E829 /* Project object */ = {
			isa = PBXProject;
			attributes = {
				LastSwiftUpdateCheck = 0810;
				LastUpgradeCheck = 0810;
				ORGANIZATIONNAME = Italyte;
				TargetAttributes = {
					D50D4D941DED1ADA0081E829 = {
						CreatedOnToolsVersion = 8.1;
						ProvisioningStyle = Automatic;
					};
				};
			};
			buildConfigurationList = D50D4D901DED1ADA0081E829 /* Build configuration list for PBXProject "retroCalculator" */;
			compatibilityVersion = "Xcode 3.2";
			developmentRegion = English;
			hasScannedForEncodings = 0;
			knownRegions = (
				en,
				Base,
			);
			mainGroup = D50D4D8C1DED1ADA0081E829;
			productRefGroup = D50D4D961DED1ADA0081E829 /* Products */;
			projectDirPath = "";
			projectRoot = "";
			targets = (
				D50D4D941DED1ADA0081E829 /* retroCalculator */,
			);
		};
/* End PBXProject section */

/* Begin PBXResourcesBuildPhase section */
		D50D4D931DED1ADA0081E829 /* Resources */ = {
			isa = PBXResourcesBuildPhase;
			buildActionMask = 2147483647;
			files = (
				D50D4DCB1DEE6ABD0081E829 /* btn.wav in Resources */,
				D50D4DA31DED1ADA0081E829 /* LaunchScreen.storyboard in Resources */,
				D50D4DA01DED1ADA0081E829 /* Assets.xcassets in Resources */,
				D50D4DAB1DED388E0081E829 /* Minecraft.ttf in Resources */,
				D50D4D9E1DED1ADA0081E829 /* Main.storyboard in Resources */,
			);
			runOnlyForDeploymentPostprocessing = 0;
		};
/* End PBXResourcesBuildPhase section */

/* Begin PBXSourcesBuildPhase section */
		D50D4D911DED1ADA0081E829 /* Sources */ = {
			isa = PBXSourcesBuildPhase;
			buildActionMask = 2147483647;
			files = (
				D50D4D9B1DED1ADA0081E829 /* ViewController.swift in Sources */,
				D50D4D991DED1ADA0081E829 /* AppDelegate.swift in Sources */,
			);
			runOnlyForDeploymentPostprocessing = 0;
		};
/* End PBXSourcesBuildPhase section */

/* Begin PBXVariantGroup section */
		D50D4D9C1DED1ADA0081E829 /* Main.storyboard */ = {
			isa = PBXVariantGroup;
			children = (
				D50D4D9D1DED1ADA0081E829 /* Base */,
			);
			name = Main.storyboard;
			sourceTree = "<group>";
		};
		D50D4DA11DED1ADA0081E829 /* LaunchScreen.storyboard */ = {
			isa = PBXVariantGroup;
			children = (
				D50D4DA21DED1ADA0081E829 /* Base */,
			);
			name = LaunchScreen.storyboard;
			sourceTree = "<group>";
		};
/* End PBXVariantGroup section */

/* Begin XCBuildConfiguration section */
		D50D4DA51DED1ADA0081E829 /* Debug */ = {
			isa = XCBuildConfiguration;
			buildSettings = {
				ALWAYS_SEARCH_USER_PATHS = NO;
				CLANG_ANALYZER_NONNULL = YES;
				CLANG_CXX_LANGUAGE_STANDARD = "gnu++0x";
				CLANG_CXX_LIBRARY = "libc++";
				CLANG_ENABLE_MODULES = YES;
				CLANG_ENABLE_OBJC_ARC = YES;
				CLANG_WARN_BOOL_CONVERSION = YES;
				CLANG_WARN_CONSTANT_CONVERSION = YES;
				CLANG_WARN_DIRECT_OBJC_ISA_USAGE = YES_ERROR;
				CLANG_WARN_DOCUMENTATION_COMMENTS = YES;
				CLANG_WARN_EMPTY_BODY = YES;
				CLANG_WARN_ENUM_CONVERSION = YES;
				CLANG_WARN_INFINITE_RECURSION = YES;
				CLANG_WARN_INT_CONVERSION = YES;
				CLANG_WARN_OBJC_ROOT_CLASS = YES_ERROR;
				CLANG_WARN_SUSPICIOUS_MOVES = YES;
				CLANG_WARN_UNREACHABLE_CODE = YES;
				CLANG_WARN__DUPLICATE_METHOD_MATCH = YES;
				"CODE_SIGN_IDENTITY[sdk=iphoneos*]" = "iPhone Developer";
				COPY_PHASE_STRIP = NO;
				DEBUG_INFORMATION_FORMAT = dwarf;
				ENABLE_STRICT_OBJC_MSGSEND = YES;
				ENABLE_TESTABILITY = YES;
				GCC_C_LANGUAGE_STANDARD = gnu99;
				GCC_DYNAMIC_NO_PIC = NO;
				GCC_NO_COMMON_BLOCKS = YES;
				GCC_OPTIMIZATION_LEVEL = 0;
				GCC_PREPROCESSOR_DEFINITIONS = (
					"DEBUG=1",
					"$(inherited)",
				);
				GCC_WARN_64_TO_32_BIT_CONVERSION = YES;
				GCC_WARN_ABOUT_RETURN_TYPE = YES_ERROR;
				GCC_WARN_UNDECLARED_SELECTOR = YES;
				GCC_WARN_UNINITIALIZED_AUTOS = YES_AGGRESSIVE;
				GCC_WARN_UNUSED_FUNCTION = YES;
				GCC_WARN_UNUSED_VARIABLE = YES;
				IPHONEOS_DEPLOYMENT_TARGET = 10.1;
				MTL_ENABLE_DEBUG_INFO = YES;
				ONLY_ACTIVE_ARCH = YES;
				SDKROOT = iphoneos;
				SWIFT_ACTIVE_COMPILATION_CONDITIONS = DEBUG;
				SWIFT_OPTIMIZATION_LEVEL = "-Onone";
				TARGETED_DEVICE_FAMILY = "1,2";
			};
			name = Debug;
		};
		D50D4DA61DED1ADA0081E829 /* Release */ = {
			isa = XCBuildConfiguration;
			buildSettings = {
				ALWAYS_SEARCH_USER_PATHS = NO;
				CLANG_ANALYZER_NONNULL = YES;
				CLANG_CXX_LANGUAGE_STANDARD = "gnu++0x";
				CLANG_CXX_LIBRARY = "libc++";
				CLANG_ENABLE_MODULES = YES;
				CLANG_ENABLE_OBJC_ARC = YES;
				CLANG_WARN_BOOL_CONVERSION = YES;
				CLANG_WARN_CONSTANT_CONVERSION = YES;
				CLANG_WARN_DIRECT_OBJC_ISA_USAGE = YES_ERROR;
				CLANG_WARN_DOCUMENTATION_COMMENTS = YES;
				CLANG_WARN_EMPTY_BODY = YES;
				CLANG_WARN_ENUM_CONVERSION = YES;
				CLANG_WARN_INFINITE_RECURSION = YES;
				CLANG_WARN_INT_CONVERSION = YES;
				CLANG_WARN_OBJC_ROOT_CLASS = YES_ERROR;
				CLANG_WARN_SUSPICIOUS_MOVES = YES;
				CLANG_WARN_UNREACHABLE_CODE = YES;
				CLANG_WARN__DUPLICATE_METHOD_MATCH = YES;
				"CODE_SIGN_IDENTITY[sdk=iphoneos*]" = "iPhone Developer";
				COPY_PHASE_STRIP = NO;
				DEBUG_INFORMATION_FORMAT = "dwarf-with-dsym";
				ENABLE_NS_ASSERTIONS = NO;
				ENABLE_STRICT_OBJC_MSGSEND = YES;
				GCC_C_LANGUAGE_STANDARD = gnu99;
				GCC_NO_COMMON_BLOCKS = YES;
				GCC_WARN_64_TO_32_BIT_CONVERSION = YES;
				GCC_WARN_ABOUT_RETURN_TYPE = YES_ERROR;
				GCC_WARN_UNDECLARED_SELECTOR = YES;
				GCC_WARN_UNINITIALIZED_AUTOS = YES_AGGRESSIVE;
				GCC_WARN_UNUSED_FUNCTION = YES;
				GCC_WARN_UNUSED_VARIABLE = YES;
				IPHONEOS_DEPLOYMENT_TARGET = 10.1;
				MTL_ENABLE_DEBUG_INFO = NO;
				SDKROOT = iphoneos;
				SWIFT_OPTIMIZATION_LEVEL = "-Owholemodule";
				TARGETED_DEVICE_FAMILY = "1,2";
				VALIDATE_PRODUCT = YES;
			};
			name = Release;
		};
		D50D4DA81DED1ADA0081E829 /* Debug */ = {
			isa = XCBuildConfiguration;
			buildSettings = {
				ASSETCATALOG_COMPILER_APPICON_NAME = AppIcon;
				INFOPLIST_FILE = retroCalculator/Info.plist;
				LD_RUNPATH_SEARCH_PATHS = "$(inherited) @executable_path/Frameworks";
				PRODUCT_BUNDLE_IDENTIFIER = com.Italyte.retroCalculator;
				PRODUCT_NAME = "$(TARGET_NAME)";
				SWIFT_VERSION = 3.0;
			};
			name = Debug;
		};
		D50D4DA91DED1ADA0081E829 /* Release */ = {
			isa = XCBuildConfiguration;
			buildSettings = {
				ASSETCATALOG_COMPILER_APPICON_NAME = AppIcon;
				INFOPLIST_FILE = retroCalculator/Info.plist;
				LD_RUNPATH_SEARCH_PATHS = "$(inherited) @executable_path/Frameworks";
				PRODUCT_BUNDLE_IDENTIFIER = com.Italyte.retroCalculator;
				PRODUCT_NAME = "$(TARGET_NAME)";
				SWIFT_VERSION = 3.0;
			};
			name = Release;
		};
/* End XCBuildConfiguration section */

/* Begin XCConfigurationList section */
		D50D4D901DED1ADA0081E829 /* Build configuration list for PBXProject "retroCalculator" */ = {
			isa = XCConfigurationList;
			buildConfigurations = (
				D50D4DA51DED1ADA0081E829 /* Debug */,
				D50D4DA61DED1ADA0081E829 /* Release */,
			);
			defaultConfigurationIsVisible = 0;
			defaultConfigurationName = Release;
		};
		D50D4DA71DED1ADA0081E829 /* Build configuration list for PBXNativeTarget "retroCalculator" */ = {
			isa = XCConfigurationList;
			buildConfigurations = (
				D50D4DA81DED1ADA0081E829 /* Debug */,
				D50D4DA91DED1ADA0081E829 /* Release */,
			);
			defaultConfigurationIsVisible = 0;
		};
/* End XCConfigurationList section */
	};
	rootObject = D50D4D8D1DED1ADA0081E829 /* Project object */;
}
